
Microsoft Visual Studio Solution File, Format Version 12.00
# Visual Studio Version 17
VisualStudioVersion = 17.7.34302.85
MinimumVisualStudioVersion = 10.0.40219.1
Project("{9A19103F-16F7-4668-BE54-9A1E7A4F7556}") = "LegumEz.Domain", "src\LegumEz\LegumEz.Domain.csproj", "{468CF95A-2996-431B-80A2-1156715CE3D2}"
EndProject
Project("{9A19103F-16F7-4668-BE54-9A1E7A4F7556}") = "LegumEz.Domain.Tests", "test\LegumEz.Tests\LegumEz.Domain.Tests.csproj", "{DCE0B35C-D1A6-416E-8851-15B87F9988BC}"
EndProject
Project("{9A19103F-16F7-4668-BE54-9A1E7A4F7556}") = "LegumEz.Infrastructure", "src\LegumEz.Infrastructure\LegumEz.Infrastructure.csproj", "{EEA52FE4-E7E8-4025-B50B-042549FE9823}"
EndProject
Project("{9A19103F-16F7-4668-BE54-9A1E7A4F7556}") = "LegumEz.WebApi", "src\LegumEz.WebApi\LegumEz.WebApi.csproj", "{91F9EFFF-8074-4386-A32A-8F1D355967AD}"
EndProject
Project("{9A19103F-16F7-4668-BE54-9A1E7A4F7556}") = "LegumEz.WebApi.Tests", "test\LegumEz.WebApi.Tests\LegumEz.WebApi.Tests.csproj", "{5BED6B42-4692-4C04-BCE7-490624D21C93}"
EndProject
Project("{9A19103F-16F7-4668-BE54-9A1E7A4F7556}") = "LegumEz.Application", "src\LegumEz.Application\LegumEz.Application.csproj", "{6A07E3FF-731D-4417-B929-5DA99512111E}"
EndProject
Global
	GlobalSection(SolutionConfigurationPlatforms) = preSolution
		Debug|Any CPU = Debug|Any CPU
		Release|Any CPU = Release|Any CPU
	EndGlobalSection
	GlobalSection(ProjectConfigurationPlatforms) = postSolution
		{468CF95A-2996-431B-80A2-1156715CE3D2}.Debug|Any CPU.ActiveCfg = Debug|Any CPU
		{468CF95A-2996-431B-80A2-1156715CE3D2}.Debug|Any CPU.Build.0 = Debug|Any CPU
		{468CF95A-2996-431B-80A2-1156715CE3D2}.Release|Any CPU.ActiveCfg = Release|Any CPU
		{468CF95A-2996-431B-80A2-1156715CE3D2}.Release|Any CPU.Build.0 = Release|Any CPU
		{DCE0B35C-D1A6-416E-8851-15B87F9988BC}.Debug|Any CPU.ActiveCfg = Debug|Any CPU
		{DCE0B35C-D1A6-416E-8851-15B87F9988BC}.Debug|Any CPU.Build.0 = Debug|Any CPU
		{DCE0B35C-D1A6-416E-8851-15B87F9988BC}.Release|Any CPU.ActiveCfg = Release|Any CPU
		{DCE0B35C-D1A6-416E-8851-15B87F9988BC}.Release|Any CPU.Build.0 = Release|Any CPU
		{EEA52FE4-E7E8-4025-B50B-042549FE9823}.Debug|Any CPU.ActiveCfg = Debug|Any CPU
		{EEA52FE4-E7E8-4025-B50B-042549FE9823}.Debug|Any CPU.Build.0 = Debug|Any CPU
		{EEA52FE4-E7E8-4025-B50B-042549FE9823}.Release|Any CPU.ActiveCfg = Release|Any CPU
		{EEA52FE4-E7E8-4025-B50B-042549FE9823}.Release|Any CPU.Build.0 = Release|Any CPU
		{91F9EFFF-8074-4386-A32A-8F1D355967AD}.Debug|Any CPU.ActiveCfg = Debug|Any CPU
		{91F9EFFF-8074-4386-A32A-8F1D355967AD}.Debug|Any CPU.Build.0 = Debug|Any CPU
		{91F9EFFF-8074-4386-A32A-8F1D355967AD}.Release|Any CPU.ActiveCfg = Release|Any CPU
		{91F9EFFF-8074-4386-A32A-8F1D355967AD}.Release|Any CPU.Build.0 = Release|Any CPU
		{5BED6B42-4692-4C04-BCE7-490624D21C93}.Debug|Any CPU.ActiveCfg = Debug|Any CPU
		{5BED6B42-4692-4C04-BCE7-490624D21C93}.Debug|Any CPU.Build.0 = Debug|Any CPU
		{5BED6B42-4692-4C04-BCE7-490624D21C93}.Release|Any CPU.ActiveCfg = Release|Any CPU
		{5BED6B42-4692-4C04-BCE7-490624D21C93}.Release|Any CPU.Build.0 = Release|Any CPU
		{6A07E3FF-731D-4417-B929-5DA99512111E}.Debug|Any CPU.ActiveCfg = Debug|Any CPU
		{6A07E3FF-731D-4417-B929-5DA99512111E}.Debug|Any CPU.Build.0 = Debug|Any CPU
		{6A07E3FF-731D-4417-B929-5DA99512111E}.Release|Any CPU.ActiveCfg = Release|Any CPU
		{6A07E3FF-731D-4417-B929-5DA99512111E}.Release|Any CPU.Build.0 = Release|Any CPU
	EndGlobalSection
	GlobalSection(SolutionProperties) = preSolution
		HideSolutionNode = FALSE
	EndGlobalSection
	GlobalSection(ExtensibilityGlobals) = postSolution
		SolutionGuid = {D61861EA-6031-4EBA-AD82-7154FA174318}
	EndGlobalSection
EndGlobal
